# This file is automatically @generated by Cargo.
# It is not intended for manual editing.
version = 4

[[package]]
name = "fidl"
version = "0.1.0"

[[package]]
name = "fidl-fuchsia-wlan-common"
version = "0.1.0"
dependencies = [
 "fidl-fuchsia-wlan-ieee80211",
]

[[package]]
name = "fidl-fuchsia-wlan-ieee80211"
version = "0.1.0"

[[package]]
name = "fidl-fuchsia-wlan-internal"
version = "0.1.0"
dependencies = [
 "fidl-fuchsia-wlan-ieee80211",
]

[[package]]
name = "fidl-fuchsia-wlan-sme"
version = "0.1.0"
dependencies = [
 "fidl",
 "fidl-fuchsia-wlan-common",
 "fidl-fuchsia-wlan-ieee80211",
 "fidl-fuchsia-wlan-internal",
]

[[package]]
name = "libc"
version = "0.2.189"
source = "registry+https://github.com/rust-lang/crates.io-index"
checksum = "3eaf3ede3fee6db1a4c2ee091bf8a8b4dccdc6d17f656fb07896ee72867612f2"

[[package]]
name = "wlan-control-wire"
version = "0.1.0"
dependencies = [
 "fidl-fuchsia-wlan-common",
 "fidl-fuchsia-wlan-ieee80211",
 "fidl-fuchsia-wlan-internal",
 "fidl-fuchsia-wlan-sme",
 "libc",
]
